
Microsoft Visual Studio Solution File, Format Version 12.00
# Visual Studio 14
VisualStudioVersion = 14.0.24720.0
MinimumVisualStudioVersion = 10.0.40219.1
Project("{FAE04EC0-301F-11D3-BF4B-00C04F79EFBC}") = "ConsoleTutorial1", "ConsoleTutorial1\ConsoleTutorial1.csproj", "{AE66AFF8-DBCC-448D-9697-AB20AD03A742}"
EndProject
Global
	GlobalSection(SolutionConfigurationPlatforms) = preSolution
		Debug|Any CPU = Debug|Any CPU
		Release|Any CPU = Release|Any CPU
	EndGlobalSection
	GlobalSection(ProjectConfigurationPlatforms) = postSolution
		{AE66AFF8-DBCC-448D-9697-AB20AD03A742}.Debug|Any CPU.ActiveCfg = Debug|Any CPU
		{AE66AFF8-DBCC-448D-9697-AB20AD03A742}.Debug|Any CPU.Build.0 = Debug|Any CPU
		{AE66AFF8-DBCC-448D-9697-AB20AD03A742}.Release|Any CPU.ActiveCfg = Release|Any CPU
		{AE66AFF8-DBCC-448D-9697-AB20AD03A742}.Release|Any CPU.Build.0 = Release|Any CPU
	EndGlobalSection
	GlobalSection(SolutionProperties) = preSolution
		HideSolutionNode = FALSE
	EndGlobalSection
EndGlobal
