
Microsoft Visual Studio Solution File, Format Version 12.00
# Visual Studio 2015
Project("{FAE04EC0-301F-11D3-BF4B-00C04F79EFBC}") = "UnityTutorial7.CSharp", "UnityTutorial7.CSharp.csproj", "{ED2EA858-0186-7279-F1DD-2FE0DC043C9E}"
EndProject
Global
	GlobalSection(SolutionConfigurationPlatforms) = preSolution
		Debug|Any CPU = Debug|Any CPU
		Release|Any CPU = Release|Any CPU
	EndGlobalSection
	GlobalSection(ProjectConfigurationPlatforms) = postSolution
		{ED2EA858-0186-7279-F1DD-2FE0DC043C9E}.Debug|Any CPU.ActiveCfg = Debug|Any CPU
		{ED2EA858-0186-7279-F1DD-2FE0DC043C9E}.Debug|Any CPU.Build.0 = Debug|Any CPU
		{ED2EA858-0186-7279-F1DD-2FE0DC043C9E}.Release|Any CPU.ActiveCfg = Release|Any CPU
		{ED2EA858-0186-7279-F1DD-2FE0DC043C9E}.Release|Any CPU.Build.0 = Release|Any CPU
	EndGlobalSection
	GlobalSection(SolutionProperties) = preSolution
		HideSolutionNode = FALSE
	EndGlobalSection
EndGlobal
