
Microsoft Visual Studio Solution File, Format Version 12.00
# Visual Studio 2015
Project("{FAE04EC0-301F-11D3-BF4B-00C04F79EFBC}") = "UnityTutorial14.CSharp", "UnityTutorial14.CSharp.csproj", "{A837EB09-C136-6150-56EE-24909CDF76EF}"
EndProject
Global
	GlobalSection(SolutionConfigurationPlatforms) = preSolution
		Debug|Any CPU = Debug|Any CPU
		Release|Any CPU = Release|Any CPU
	EndGlobalSection
	GlobalSection(ProjectConfigurationPlatforms) = postSolution
		{A837EB09-C136-6150-56EE-24909CDF76EF}.Debug|Any CPU.ActiveCfg = Debug|Any CPU
		{A837EB09-C136-6150-56EE-24909CDF76EF}.Debug|Any CPU.Build.0 = Debug|Any CPU
		{A837EB09-C136-6150-56EE-24909CDF76EF}.Release|Any CPU.ActiveCfg = Release|Any CPU
		{A837EB09-C136-6150-56EE-24909CDF76EF}.Release|Any CPU.Build.0 = Release|Any CPU
	EndGlobalSection
	GlobalSection(SolutionProperties) = preSolution
		HideSolutionNode = FALSE
	EndGlobalSection
EndGlobal
