
Microsoft Visual Studio Solution File, Format Version 12.00
# Visual Studio 2015
Project("{FAE04EC0-301F-11D3-BF4B-00C04F79EFBC}") = "UnityTutorial13.CSharp", "UnityTutorial13.CSharp.csproj", "{98AD3B2F-2F90-C4FD-5BB9-9F043883FB90}"
EndProject
Global
	GlobalSection(SolutionConfigurationPlatforms) = preSolution
		Debug|Any CPU = Debug|Any CPU
		Release|Any CPU = Release|Any CPU
	EndGlobalSection
	GlobalSection(ProjectConfigurationPlatforms) = postSolution
		{98AD3B2F-2F90-C4FD-5BB9-9F043883FB90}.Debug|Any CPU.ActiveCfg = Debug|Any CPU
		{98AD3B2F-2F90-C4FD-5BB9-9F043883FB90}.Debug|Any CPU.Build.0 = Debug|Any CPU
		{98AD3B2F-2F90-C4FD-5BB9-9F043883FB90}.Release|Any CPU.ActiveCfg = Release|Any CPU
		{98AD3B2F-2F90-C4FD-5BB9-9F043883FB90}.Release|Any CPU.Build.0 = Release|Any CPU
	EndGlobalSection
	GlobalSection(SolutionProperties) = preSolution
		HideSolutionNode = FALSE
	EndGlobalSection
EndGlobal
