
Microsoft Visual Studio Solution File, Format Version 12.00
# Visual Studio 2015
Project("{FAE04EC0-301F-11D3-BF4B-00C04F79EFBC}") = "UnityTutorial10.CSharp", "UnityTutorial10.CSharp.csproj", "{C545A7FB-E67C-DA3C-C0FC-5D6BEF466880}"
EndProject
Global
	GlobalSection(SolutionConfigurationPlatforms) = preSolution
		Debug|Any CPU = Debug|Any CPU
		Release|Any CPU = Release|Any CPU
	EndGlobalSection
	GlobalSection(ProjectConfigurationPlatforms) = postSolution
		{C545A7FB-E67C-DA3C-C0FC-5D6BEF466880}.Debug|Any CPU.ActiveCfg = Debug|Any CPU
		{C545A7FB-E67C-DA3C-C0FC-5D6BEF466880}.Debug|Any CPU.Build.0 = Debug|Any CPU
		{C545A7FB-E67C-DA3C-C0FC-5D6BEF466880}.Release|Any CPU.ActiveCfg = Release|Any CPU
		{C545A7FB-E67C-DA3C-C0FC-5D6BEF466880}.Release|Any CPU.Build.0 = Release|Any CPU
	EndGlobalSection
	GlobalSection(SolutionProperties) = preSolution
		HideSolutionNode = FALSE
	EndGlobalSection
EndGlobal
