
Microsoft Visual Studio Solution File, Format Version 12.00
# Visual Studio 2015
Project("{FAE04EC0-301F-11D3-BF4B-00C04F79EFBC}") = "UnityTutorial4.CSharp", "UnityTutorial4.CSharp.csproj", "{B3B05873-5DC5-95EE-6C73-5333E4532793}"
EndProject
Global
	GlobalSection(SolutionConfigurationPlatforms) = preSolution
		Debug|Any CPU = Debug|Any CPU
		Release|Any CPU = Release|Any CPU
	EndGlobalSection
	GlobalSection(ProjectConfigurationPlatforms) = postSolution
		{B3B05873-5DC5-95EE-6C73-5333E4532793}.Debug|Any CPU.ActiveCfg = Debug|Any CPU
		{B3B05873-5DC5-95EE-6C73-5333E4532793}.Debug|Any CPU.Build.0 = Debug|Any CPU
		{B3B05873-5DC5-95EE-6C73-5333E4532793}.Release|Any CPU.ActiveCfg = Release|Any CPU
		{B3B05873-5DC5-95EE-6C73-5333E4532793}.Release|Any CPU.Build.0 = Release|Any CPU
	EndGlobalSection
	GlobalSection(SolutionProperties) = preSolution
		HideSolutionNode = FALSE
	EndGlobalSection
EndGlobal
