
Microsoft Visual Studio Solution File, Format Version 12.00
# Visual Studio 2015
Project("{FAE04EC0-301F-11D3-BF4B-00C04F79EFBC}") = "UnityTutorial11.CSharp", "UnityTutorial11.CSharp.csproj", "{F8B5D41A-B8B0-D2E0-5AC7-AB2BF575CED4}"
EndProject
Global
	GlobalSection(SolutionConfigurationPlatforms) = preSolution
		Debug|Any CPU = Debug|Any CPU
		Release|Any CPU = Release|Any CPU
	EndGlobalSection
	GlobalSection(ProjectConfigurationPlatforms) = postSolution
		{F8B5D41A-B8B0-D2E0-5AC7-AB2BF575CED4}.Debug|Any CPU.ActiveCfg = Debug|Any CPU
		{F8B5D41A-B8B0-D2E0-5AC7-AB2BF575CED4}.Debug|Any CPU.Build.0 = Debug|Any CPU
		{F8B5D41A-B8B0-D2E0-5AC7-AB2BF575CED4}.Release|Any CPU.ActiveCfg = Release|Any CPU
		{F8B5D41A-B8B0-D2E0-5AC7-AB2BF575CED4}.Release|Any CPU.Build.0 = Release|Any CPU
	EndGlobalSection
	GlobalSection(SolutionProperties) = preSolution
		HideSolutionNode = FALSE
	EndGlobalSection
EndGlobal
